
Microsoft Visual Studio Solution File, Format Version 12.00
# Visual Studio Version 16
VisualStudioVersion = 16.0.29911.84
MinimumVisualStudioVersion = 10.0.40219.1
Project("{FAE04EC0-301F-11D3-BF4B-00C04F79EFBC}") = "PersonalTracking", "PersonalTracking.csproj", "{B25956FD-F552-485E-B744-D417D9E71963}"
EndProject
Project("{FAE04EC0-301F-11D3-BF4B-00C04F79EFBC}") = "BLL", "BLL\BLL.csproj", "{F1AB8979-A531-42AD-9D68-9518ED9546C2}"
EndProject
Project("{FAE04EC0-301F-11D3-BF4B-00C04F79EFBC}") = "DAL", "DAL\DAL.csproj", "{5E1DCFCD-08BB-4D35-A6A1-BF67A6222349}"
EndProject
Global
	GlobalSection(SolutionConfigurationPlatforms) = preSolution
		Debug|Any CPU = Debug|Any CPU
		Release|Any CPU = Release|Any CPU
	EndGlobalSection
	GlobalSection(ProjectConfigurationPlatforms) = postSolution
		{B25956FD-F552-485E-B744-D417D9E71963}.Debug|Any CPU.ActiveCfg = Debug|Any CPU
		{B25956FD-F552-485E-B744-D417D9E71963}.Debug|Any CPU.Build.0 = Debug|Any CPU
		{B25956FD-F552-485E-B744-D417D9E71963}.Release|Any CPU.ActiveCfg = Release|Any CPU
		{B25956FD-F552-485E-B744-D417D9E71963}.Release|Any CPU.Build.0 = Release|Any CPU
		{F1AB8979-A531-42AD-9D68-9518ED9546C2}.Debug|Any CPU.ActiveCfg = Debug|Any CPU
		{F1AB8979-A531-42AD-9D68-9518ED9546C2}.Debug|Any CPU.Build.0 = Debug|Any CPU
		{F1AB8979-A531-42AD-9D68-9518ED9546C2}.Release|Any CPU.ActiveCfg = Release|Any CPU
		{F1AB8979-A531-42AD-9D68-9518ED9546C2}.Release|Any CPU.Build.0 = Release|Any CPU
		{5E1DCFCD-08BB-4D35-A6A1-BF67A6222349}.Debug|Any CPU.ActiveCfg = Debug|Any CPU
		{5E1DCFCD-08BB-4D35-A6A1-BF67A6222349}.Debug|Any CPU.Build.0 = Debug|Any CPU
		{5E1DCFCD-08BB-4D35-A6A1-BF67A6222349}.Release|Any CPU.ActiveCfg = Release|Any CPU
		{5E1DCFCD-08BB-4D35-A6A1-BF67A6222349}.Release|Any CPU.Build.0 = Release|Any CPU
	EndGlobalSection
	GlobalSection(SolutionProperties) = preSolution
		HideSolutionNode = FALSE
	EndGlobalSection
	GlobalSection(ExtensibilityGlobals) = postSolution
		SolutionGuid = {C542845C-12D3-40C9-802A-40EFCEC167C9}
	EndGlobalSection
EndGlobal
